// !$*UTF8*$!
{
	archiveVersion = 1;
	classes = {
	};
	objectVersion = 46;
	objects = {

/* Begin PBXBuildFile section */
		80DF7FB11E4B892900B01665 /* AppDelegate.swift in Sources */ = {isa = PBXBuildFile; fileRef = 80DF7FB01E4B892900B01665 /* AppDelegate.swift */; };
		80DF7FB31E4B892900B01665 /* ViewController.swift in Sources */ = {isa = PBXBuildFile; fileRef = 80DF7FB21E4B892900B01665 /* ViewController.swift */; };
		80DF7FB61E4B892900B01665 /* Main.storyboard in Resources */ = {isa = PBXBuildFile; fileRef = 80DF7FB41E4B892900B01665 /* Main.storyboard */; };
		80DF7FB81E4B892900B01665 /* Assets.xcassets in Resources */ = {isa = PBXBuildFile; fileRef = 80DF7FB71E4B892900B01665 /* Assets.xcassets */; };
		80DF7FBB1E4B892900B01665 /* LaunchScreen.storyboard in Resources */ = {isa = PBXBuildFile; fileRef = 80DF7FB91E4B892900B01665 /* LaunchScreen.storyboard */; };
		80DF7FC61E4B892900B01665 /* githubaseTests.swift in Sources */ = {isa = PBXBuildFile; fileRef = 80DF7FC51E4B892900B01665 /* githubaseTests.swift */; };
		80DF7FD11E4B892900B01665 /* githubaseUITests.swift in Sources */ = {isa = PBXBuildFile; fileRef = 80DF7FD01E4B892900B01665 /* githubaseUITests.swift */; };
/* End PBXBuildFile section */

/* Begin PBXContainerItemProxy section */
		80DF7FC21E4B892900B01665 /* PBXContainerItemProxy */ = {
			isa = PBXContainerItemProxy;
			containerPortal = 80DF7FA51E4B892900B01665 /* Project object */;
			proxyType = 1;
			remoteGlobalIDString = 80DF7FAC1E4B892900B01665;
			remoteInfo = githubase;
		};
		80DF7FCD1E4B892900B01665 /* PBXContainerItemProxy */ = {
			isa = PBXContainerItemProxy;
			containerPortal = 80DF7FA51E4B892900B01665 /* Project object */;
			proxyType = 1;
			remoteGlobalIDString = 80DF7FAC1E4B892900B01665;
			remoteInfo = githubase;
		};
/* End PBXContainerItemProxy section */

/* Begin PBXFileReference section */
		80DF7FAD1E4B892900B01665 /* githubase.app */ = {isa = PBXFileReference; explicitFileType = wrapper.application; includeInIndex = 0; path = githubase.app; sourceTree = BUILT_PRODUCTS_DIR; };
		80DF7FB01E4B892900B01665 /* AppDelegate.swift */ = {isa = PBXFileReference; lastKnownFileType = sourcecode.swift; path = AppDelegate.swift; sourceTree = "<group>"; };
		80DF7FB21E4B892900B01665 /* ViewController.swift */ = {isa = PBXFileReference; lastKnownFileType = sourcecode.swift; path = ViewController.swift; sourceTree = "<group>"; };
		80DF7FB51E4B892900B01665 /* Base */ = {isa = PBXFileReference; lastKnownFileType = file.storyboard; name = Base; path = Base.lproj/Main.storyboard; sourceTree = "<group>"; };
		80DF7FB71E4B892900B01665 /* Assets.xcassets */ = {isa = PBXFileReference; lastKnownFileType = folder.assetcatalog; path = Assets.xcassets; sourceTree = "<group>"; };
		80DF7FBA1E4B892900B01665 /* Base */ = {isa = PBXFileReference; lastKnownFileType = file.storyboard; name = Base; path = Base.lproj/LaunchScreen.storyboard; sourceTree = "<group>"; };
		80DF7FBC1E4B892900B01665 /* Info.plist */ = {isa = PBXFileReference; lastKnownFileType = text.plist.xml; path = Info.plist; sourceTree = "<group>"; };
		80DF7FC11E4B892900B01665 /* githubaseTests.xctest */ = {isa = PBXFileReference; explicitFileType = wrapper.cfbundle; includeInIndex = 0; path = githubaseTests.xctest; sourceTree = BUILT_PRODUCTS_DIR; };
		80DF7FC51E4B892900B01665 /* githubaseTests.swift */ = {isa = PBXFileReference; lastKnownFileType = sourcecode.swift; path = githubaseTests.swift; sourceTree = "<group>"; };
		80DF7FC71E4B892900B01665 /* Info.plist */ = {isa = PBXFileReference; lastKnownFileType = text.plist.xml; path = Info.plist; sourceTree = "<group>"; };
		80DF7FCC1E4B892900B01665 /* githubaseUITests.xctest */ = {isa = PBXFileReference; explicitFileType = wrapper.cfbundle; includeInIndex = 0; path = githubaseUITests.xctest; sourceTree = BUILT_PRODUCTS_DIR; };
		80DF7FD01E4B892900B01665 /* githubaseUITests.swift */ = {isa = PBXFileReference; lastKnownFileType = sourcecode.swift; path = githubaseUITests.swift; sourceTree = "<group>"; };
		80DF7FD21E4B892900B01665 /* Info.plist */ = {isa = PBXFileReference; lastKnownFileType = text.plist.xml; path = Info.plist; sourceTree = "<group>"; };
/* End PBXFileReference section */

/* Begin PBXFrameworksBuildPhase section */
		80DF7FAA1E4B892900B01665 /* Frameworks */ = {
			isa = PBXFrameworksBuildPhase;
			buildActionMask = 2147483647;
			files = (
			);
			runOnlyForDeploymentPostprocessing = 0;
		};
		80DF7FBE1E4B892900B01665 /* Frameworks */ = {
			isa = PBXFrameworksBuildPhase;
			buildActionMask = 2147483647;
			files = (
			);
			runOnlyForDeploymentPostprocessing = 0;
		};
		80DF7FC91E4B892900B01665 /* Frameworks */ = {
			isa = PBXFrameworksBuildPhase;
			buildActionMask = 2147483647;
			files = (
			);
			runOnlyForDeploymentPostprocessing = 0;
		};
/* End PBXFrameworksBuildPhase section */

/* Begin PBXGroup section */
		80DF7FA41E4B892900B01665 = {
			isa = PBXGroup;
			children = (
				80DF7FAF1E4B892900B01665 /* githubase */,
				80DF7FC41E4B892900B01665 /* githubaseTests */,
				80DF7FCF1E4B892900B01665 /* githubaseUITests */,
				80DF7FAE1E4B892900B01665 /* Products */,
			);
			sourceTree = "<group>";
		};
		80DF7FAE1E4B892900B01665 /* Products */ = {
			isa = PBXGroup;
			children = (
				80DF7FAD1E4B892900B01665 /* githubase.app */,
				80DF7FC11E4B892900B01665 /* githubaseTests.xctest */,
				80DF7FCC1E4B892900B01665 /* githubaseUITests.xctest */,
			);
			name = Products;
			sourceTree = "<group>";
		};
		80DF7FAF1E4B892900B01665 /* githubase */ = {
			isa = PBXGroup;
			children = (
				80DF7FB01E4B892900B01665 /* AppDelegate.swift */,
				80DF7FB21E4B892900B01665 /* ViewController.swift */,
				80DF7FB41E4B892900B01665 /* Main.storyboard */,
				80DF7FB71E4B892900B01665 /* Assets.xcassets */,
				80DF7FB91E4B892900B01665 /* LaunchScreen.storyboard */,
				80DF7FBC1E4B892900B01665 /* Info.plist */,
			);
			path = githubase;
			sourceTree = "<group>";
		};
		80DF7FC41E4B892900B01665 /* githubaseTests */ = {
			isa = PBXGroup;
			children = (
				80DF7FC51E4B892900B01665 /* githubaseTests.swift */,
				80DF7FC71E4B892900B01665 /* Info.plist */,
			);
			path = githubaseTests;
			sourceTree = "<group>";
		};
		80DF7FCF1E4B892900B01665 /* githubaseUITests */ = {
			isa = PBXGroup;
			children = (
				80DF7FD01E4B892900B01665 /* githubaseUITests.swift */,
				80DF7FD21E4B892900B01665 /* Info.plist */,
			);
			path = githubaseUITests;
			sourceTree = "<group>";
		};
/* End PBXGroup section */

/* Begin PBXNativeTarget section */
		80DF7FAC1E4B892900B01665 /* githubase */ = {
			isa = PBXNativeTarget;
			buildConfigurationList = 80DF7FD51E4B892900B01665 /* Build configuration list for PBXNativeTarget "githubase" */;
			buildPhases = (
				80DF7FA91E4B892900B01665 /* Sources */,
				80DF7FAA1E4B892900B01665 /* Frameworks */,
				80DF7FAB1E4B892900B01665 /* Resources */,
			);
			buildRules = (
			);
			dependencies = (
			);
			name = githubase;
			productName = githubase;
			productReference = 80DF7FAD1E4B892900B01665 /* githubase.app */;
			productType = "com.apple.product-type.application";
		};
		80DF7FC01E4B892900B01665 /* githubaseTests */ = {
			isa = PBXNativeTarget;
			buildConfigurationList = 80DF7FD81E4B892900B01665 /* Build configuration list for PBXNativeTarget "githubaseTests" */;
			buildPhases = (
				80DF7FBD1E4B892900B01665 /* Sources */,
				80DF7FBE1E4B892900B01665 /* Frameworks */,
				80DF7FBF1E4B892900B01665 /* Resources */,
			);
			buildRules = (
			);
			dependencies = (
				80DF7FC31E4B892900B01665 /* PBXTargetDependency */,
			);
			name = githubaseTests;
			productName = githubaseTests;
			productReference = 80DF7FC11E4B892900B01665 /* githubaseTests.xctest */;
			productType = "com.apple.product-type.bundle.unit-test";
		};
		80DF7FCB1E4B892900B01665 /* githubaseUITests */ = {
			isa = PBXNativeTarget;
			buildConfigurationList = 80DF7FDB1E4B892900B01665 /* Build configuration list for PBXNativeTarget "githubaseUITests" */;
			buildPhases = (
				80DF7FC81E4B892900B01665 /* Sources */,
				80DF7FC91E4B892900B01665 /* Frameworks */,
				80DF7FCA1E4B892900B01665 /* Resources */,
			);
			buildRules = (
			);
			dependencies = (
				80DF7FCE1E4B892900B01665 /* PBXTargetDependency */,
			);
			name = githubaseUITests;
			productName = githubaseUITests;
			productReference = 80DF7FCC1E4B892900B01665 /* githubaseUITests.xctest */;
			productType = "com.apple.product-type.bundle.ui-testing";
		};
/* End PBXNativeTarget section */

/* Begin PBXProject section */
		80DF7FA51E4B892900B01665 /* Project object */ = {
			isa = PBXProject;
			attributes = {
				LastSwiftUpdateCheck = 0820;
				LastUpgradeCheck = 0820;
				ORGANIZATIONNAME = "Patricia Neri";
				TargetAttributes = {
					80DF7FAC1E4B892900B01665 = {
						CreatedOnToolsVersion = 8.2.1;
						ProvisioningStyle = Automatic;
					};
					80DF7FC01E4B892900B01665 = {
						CreatedOnToolsVersion = 8.2.1;
						ProvisioningStyle = Automatic;
						TestTargetID = 80DF7FAC1E4B892900B01665;
					};
					80DF7FCB1E4B892900B01665 = {
						CreatedOnToolsVersion = 8.2.1;
						ProvisioningStyle = Automatic;
						TestTargetID = 80DF7FAC1E4B892900B01665;
					};
				};
			};
			buildConfigurationList = 80DF7FA81E4B892900B01665 /* Build configuration list for PBXProject "githubase" */;
			compatibilityVersion = "Xcode 3.2";
			developmentRegion = English;
			hasScannedForEncodings = 0;
			knownRegions = (
				en,
				Base,
			);
			mainGroup = 80DF7FA41E4B892900B01665;
			productRefGroup = 80DF7FAE1E4B892900B01665 /* Products */;
			projectDirPath = "";
			projectRoot = "";
			targets = (
				80DF7FAC1E4B892900B01665 /* githubase */,
				80DF7FC01E4B892900B01665 /* githubaseTests */,
				80DF7FCB1E4B892900B01665 /* githubaseUITests */,
			);
		};
/* End PBXProject section */

/* Begin PBXResourcesBuildPhase section */
		80DF7FAB1E4B892900B01665 /* Resources */ = {
			isa = PBXResourcesBuildPhase;
			buildActionMask = 2147483647;
			files = (
				80DF7FBB1E4B892900B01665 /* LaunchScreen.storyboard in Resources */,
				80DF7FB81E4B892900B01665 /* Assets.xcassets in Resources */,
				80DF7FB61E4B892900B01665 /* Main.storyboard in Resources */,
			);
			runOnlyForDeploymentPostprocessing = 0;
		};
		80DF7FBF1E4B892900B01665 /* Resources */ = {
			isa = PBXResourcesBuildPhase;
			buildActionMask = 2147483647;
			files = (
			);
			runOnlyForDeploymentPostprocessing = 0;
		};
		80DF7FCA1E4B892900B01665 /* Resources */ = {
			isa = PBXResourcesBuildPhase;
			buildActionMask = 2147483647;
			files = (
			);
			runOnlyForDeploymentPostprocessing = 0;
		};
/* End PBXResourcesBuildPhase section */

/* Begin PBXSourcesBuildPhase section */
		80DF7FA91E4B892900B01665 /* Sources */ = {
			isa = PBXSourcesBuildPhase;
			buildActionMask = 2147483647;
			files = (
				80DF7FB31E4B892900B01665 /* ViewController.swift in Sources */,
				80DF7FB11E4B892900B01665 /* AppDelegate.swift in Sources */,
			);
			runOnlyForDeploymentPostprocessing = 0;
		};
		80DF7FBD1E4B892900B01665 /* Sources */ = {
			isa = PBXSourcesBuildPhase;
			buildActionMask = 2147483647;
			files = (
				80DF7FC61E4B892900B01665 /* githubaseTests.swift in Sources */,
			);
			runOnlyForDeploymentPostprocessing = 0;
		};
		80DF7FC81E4B892900B01665 /* Sources */ = {
			isa = PBXSourcesBuildPhase;
			buildActionMask = 2147483647;
			files = (
				80DF7FD11E4B892900B01665 /* githubaseUITests.swift in Sources */,
			);
			runOnlyForDeploymentPostprocessing = 0;
		};
/* End PBXSourcesBuildPhase section */

/* Begin PBXTargetDependency section */
		80DF7FC31E4B892900B01665 /* PBXTargetDependency */ = {
			isa = PBXTargetDependency;
			target = 80DF7FAC1E4B892900B01665 /* githubase */;
			targetProxy = 80DF7FC21E4B892900B01665 /* PBXContainerItemProxy */;
		};
		80DF7FCE1E4B892900B01665 /* PBXTargetDependency */ = {
			isa = PBXTargetDependency;
			target = 80DF7FAC1E4B892900B01665 /* githubase */;
			targetProxy = 80DF7FCD1E4B892900B01665 /* PBXContainerItemProxy */;
		};
/* End PBXTargetDependency section */

/* Begin PBXVariantGroup section */
		80DF7FB41E4B892900B01665 /* Main.storyboard */ = {
			isa = PBXVariantGroup;
			children = (
				80DF7FB51E4B892900B01665 /* Base */,
			);
			name = Main.storyboard;
			sourceTree = "<group>";
		};
		80DF7FB91E4B892900B01665 /* LaunchScreen.storyboard */ = {
			isa = PBXVariantGroup;
			children = (
				80DF7FBA1E4B892900B01665 /* Base */,
			);
			name = LaunchScreen.storyboard;
			sourceTree = "<group>";
		};
/* End PBXVariantGroup section */

/* Begin XCBuildConfiguration section */
		80DF7FD31E4B892900B01665 /* Debug */ = {
			isa = XCBuildConfiguration;
			buildSettings = {
				ALWAYS_SEARCH_USER_PATHS = NO;
				CLANG_ANALYZER_NONNULL = YES;
				CLANG_CXX_LANGUAGE_STANDARD = "gnu++0x";
				CLANG_CXX_LIBRARY = "libc++";
				CLANG_ENABLE_MODULES = YES;
				CLANG_ENABLE_OBJC_ARC = YES;
				CLANG_WARN_BOOL_CONVERSION = YES;
				CLANG_WARN_CONSTANT_CONVERSION = YES;
				CLANG_WARN_DIRECT_OBJC_ISA_USAGE = YES_ERROR;
				CLANG_WARN_DOCUMENTATION_COMMENTS = YES;
				CLANG_WARN_EMPTY_BODY = YES;
				CLANG_WARN_ENUM_CONVERSION = YES;
				CLANG_WARN_INFINITE_RECURSION = YES;
				CLANG_WARN_INT_CONVERSION = YES;
				CLANG_WARN_OBJC_ROOT_CLASS = YES_ERROR;
				CLANG_WARN_SUSPICIOUS_MOVE = YES;
				CLANG_WARN_UNREACHABLE_CODE = YES;
				CLANG_WARN__DUPLICATE_METHOD_MATCH = YES;
				"CODE_SIGN_IDENTITY[sdk=iphoneos*]" = "iPhone Developer";
				COPY_PHASE_STRIP = NO;
				DEBUG_INFORMATION_FORMAT = dwarf;
				ENABLE_STRICT_OBJC_MSGSEND = YES;
				ENABLE_TESTABILITY = YES;
				GCC_C_LANGUAGE_STANDARD = gnu99;
				GCC_DYNAMIC_NO_PIC = NO;
				GCC_NO_COMMON_BLOCKS = YES;
				GCC_OPTIMIZATION_LEVEL = 0;
				GCC_PREPROCESSOR_DEFINITIONS = (
					"DEBUG=1",
					"$(inherited)",
				);
				GCC_WARN_64_TO_32_BIT_CONVERSION = YES;
				GCC_WARN_ABOUT_RETURN_TYPE = YES_ERROR;
				GCC_WARN_UNDECLARED_SELECTOR = YES;
				GCC_WARN_UNINITIALIZED_AUTOS = YES_AGGRESSIVE;
				GCC_WARN_UNUSED_FUNCTION = YES;
				GCC_WARN_UNUSED_VARIABLE = YES;
				IPHONEOS_DEPLOYMENT_TARGET = 10.2;
				MTL_ENABLE_DEBUG_INFO = YES;
				ONLY_ACTIVE_ARCH = YES;
				SDKROOT = iphoneos;
				SWIFT_ACTIVE_COMPILATION_CONDITIONS = DEBUG;
				SWIFT_OPTIMIZATION_LEVEL = "-Onone";
				TARGETED_DEVICE_FAMILY = "1,2";
			};
			name = Debug;
		};
		80DF7FD41E4B892900B01665 /* Release */ = {
			isa = XCBuildConfiguration;
			buildSettings = {
				ALWAYS_SEARCH_USER_PATHS = NO;
				CLANG_ANALYZER_NONNULL = YES;
				CLANG_CXX_LANGUAGE_STANDARD = "gnu++0x";
				CLANG_CXX_LIBRARY = "libc++";
				CLANG_ENABLE_MODULES = YES;
				CLANG_ENABLE_OBJC_ARC = YES;
				CLANG_WARN_BOOL_CONVERSION = YES;
				CLANG_WARN_CONSTANT_CONVERSION = YES;
				CLANG_WARN_DIRECT_OBJC_ISA_USAGE = YES_ERROR;
				CLANG_WARN_DOCUMENTATION_COMMENTS = YES;
				CLANG_WARN_EMPTY_BODY = YES;
				CLANG_WARN_ENUM_CONVERSION = YES;
				CLANG_WARN_INFINITE_RECURSION = YES;
				CLANG_WARN_INT_CONVERSION = YES;
				CLANG_WARN_OBJC_ROOT_CLASS = YES_ERROR;
				CLANG_WARN_SUSPICIOUS_MOVE = YES;
				CLANG_WARN_UNREACHABLE_CODE = YES;
				CLANG_WARN__DUPLICATE_METHOD_MATCH = YES;
				"CODE_SIGN_IDENTITY[sdk=iphoneos*]" = "iPhone Developer";
				COPY_PHASE_STRIP = NO;
				DEBUG_INFORMATION_FORMAT = "dwarf-with-dsym";
				ENABLE_NS_ASSERTIONS = NO;
				ENABLE_STRICT_OBJC_MSGSEND = YES;
				GCC_C_LANGUAGE_STANDARD = gnu99;
				GCC_NO_COMMON_BLOCKS = YES;
				GCC_WARN_64_TO_32_BIT_CONVERSION = YES;
				GCC_WARN_ABOUT_RETURN_TYPE = YES_ERROR;
				GCC_WARN_UNDECLARED_SELECTOR = YES;
				GCC_WARN_UNINITIALIZED_AUTOS = YES_AGGRESSIVE;
				GCC_WARN_UNUSED_FUNCTION = YES;
				GCC_WARN_UNUSED_VARIABLE = YES;
				IPHONEOS_DEPLOYMENT_TARGET = 10.2;
				MTL_ENABLE_DEBUG_INFO = NO;
				SDKROOT = iphoneos;
				SWIFT_OPTIMIZATION_LEVEL = "-Owholemodule";
				TARGETED_DEVICE_FAMILY = "1,2";
				VALIDATE_PRODUCT = YES;
			};
			name = Release;
		};
		80DF7FD61E4B892900B01665 /* Debug */ = {
			isa = XCBuildConfiguration;
			buildSettings = {
				ASSETCATALOG_COMPILER_APPICON_NAME = AppIcon;
				"CODE_SIGN_IDENTITY[sdk=iphoneos*]" = "";
				DEVELOPMENT_TEAM = "";
				INFOPLIST_FILE = githubase/Info.plist;
				LD_RUNPATH_SEARCH_PATHS = "$(inherited) @executable_path/Frameworks";
				PRODUCT_BUNDLE_IDENTIFIER = com.pgneri.githubase;
				PRODUCT_NAME = "$(TARGET_NAME)";
				SWIFT_VERSION = 3.0;
			};
			name = Debug;
		};
		80DF7FD71E4B892900B01665 /* Release */ = {
			isa = XCBuildConfiguration;
			buildSettings = {
				ASSETCATALOG_COMPILER_APPICON_NAME = AppIcon;
				"CODE_SIGN_IDENTITY[sdk=iphoneos*]" = "";
				DEVELOPMENT_TEAM = "";
				INFOPLIST_FILE = githubase/Info.plist;
				LD_RUNPATH_SEARCH_PATHS = "$(inherited) @executable_path/Frameworks";
				PRODUCT_BUNDLE_IDENTIFIER = com.pgneri.githubase;
				PRODUCT_NAME = "$(TARGET_NAME)";
				SWIFT_VERSION = 3.0;
			};
			name = Release;
		};
		80DF7FD91E4B892900B01665 /* Debug */ = {
			isa = XCBuildConfiguration;
			buildSettings = {
				ALWAYS_EMBED_SWIFT_STANDARD_LIBRARIES = YES;
				BUNDLE_LOADER = "$(TEST_HOST)";
				INFOPLIST_FILE = githubaseTests/Info.plist;
				LD_RUNPATH_SEARCH_PATHS = "$(inherited) @executable_path/Frameworks @loader_path/Frameworks";
				PRODUCT_BUNDLE_IDENTIFIER = com.pgneri.githubaseTests;
				PRODUCT_NAME = "$(TARGET_NAME)";
				SWIFT_VERSION = 3.0;
				TEST_HOST = "$(BUILT_PRODUCTS_DIR)/githubase.app/githubase";
			};
			name = Debug;
		};
		80DF7FDA1E4B892900B01665 /* Release */ = {
			isa = XCBuildConfiguration;
			buildSettings = {
				ALWAYS_EMBED_SWIFT_STANDARD_LIBRARIES = YES;
				BUNDLE_LOADER = "$(TEST_HOST)";
				INFOPLIST_FILE = githubaseTests/Info.plist;
				LD_RUNPATH_SEARCH_PATHS = "$(inherited) @executable_path/Frameworks @loader_path/Frameworks";
				PRODUCT_BUNDLE_IDENTIFIER = com.pgneri.githubaseTests;
				PRODUCT_NAME = "$(TARGET_NAME)";
				SWIFT_VERSION = 3.0;
				TEST_HOST = "$(BUILT_PRODUCTS_DIR)/githubase.app/githubase";
			};
			name = Release;
		};
		80DF7FDC1E4B892900B01665 /* Debug */ = {
			isa = XCBuildConfiguration;
			buildSettings = {
				ALWAYS_EMBED_SWIFT_STANDARD_LIBRARIES = YES;
				INFOPLIST_FILE = githubaseUITests/Info.plist;
				LD_RUNPATH_SEARCH_PATHS = "$(inherited) @executable_path/Frameworks @loader_path/Frameworks";
				PRODUCT_BUNDLE_IDENTIFIER = com.pgneri.githubaseUITests;
				PRODUCT_NAME = "$(TARGET_NAME)";
				SWIFT_VERSION = 3.0;
				TEST_TARGET_NAME = githubase;
			};
			name = Debug;
		};
		80DF7FDD1E4B892900B01665 /* Release */ = {
			isa = XCBuildConfiguration;
			buildSettings = {
				ALWAYS_EMBED_SWIFT_STANDARD_LIBRARIES = YES;
				INFOPLIST_FILE = githubaseUITests/Info.plist;
				LD_RUNPATH_SEARCH_PATHS = "$(inherited) @executable_path/Frameworks @loader_path/Frameworks";
				PRODUCT_BUNDLE_IDENTIFIER = com.pgneri.githubaseUITests;
				PRODUCT_NAME = "$(TARGET_NAME)";
				SWIFT_VERSION = 3.0;
				TEST_TARGET_NAME = githubase;
			};
			name = Release;
		};
/* End XCBuildConfiguration section */

/* Begin XCConfigurationList section */
		80DF7FA81E4B892900B01665 /* Build configuration list for PBXProject "githubase" */ = {
			isa = XCConfigurationList;
			buildConfigurations = (
				80DF7FD31E4B892900B01665 /* Debug */,
				80DF7FD41E4B892900B01665 /* Release */,
			);
			defaultConfigurationIsVisible = 0;
			defaultConfigurationName = Release;
		};
		80DF7FD51E4B892900B01665 /* Build configuration list for PBXNativeTarget "githubase" */ = {
			isa = XCConfigurationList;
			buildConfigurations = (
				80DF7FD61E4B892900B01665 /* Debug */,
				80DF7FD71E4B892900B01665 /* Release */,
			);
			defaultConfigurationIsVisible = 0;
		};
		80DF7FD81E4B892900B01665 /* Build configuration list for PBXNativeTarget "githubaseTests" */ = {
			isa = XCConfigurationList;
			buildConfigurations = (
				80DF7FD91E4B892900B01665 /* Debug */,
				80DF7FDA1E4B892900B01665 /* Release */,
			);
			defaultConfigurationIsVisible = 0;
		};
		80DF7FDB1E4B892900B01665 /* Build configuration list for PBXNativeTarget "githubaseUITests" */ = {
			isa = XCConfigurationList;
			buildConfigurations = (
				80DF7FDC1E4B892900B01665 /* Debug */,
				80DF7FDD1E4B892900B01665 /* Release */,
			);
			defaultConfigurationIsVisible = 0;
		};
/* End XCConfigurationList section */
	};
	rootObject = 80DF7FA51E4B892900B01665 /* Project object */;
}
